// !$*UTF8*$!
{
	archiveVersion = 1;
	classes = {
	};
	objectVersion = 50;
	objects = {

/* Begin PBXBuildFile section */
		07655AF52704AA58005DFF09 /* AppDelegate.swift in Sources */ = {isa = PBXBuildFile; fileRef = 07655AF42704AA58005DFF09 /* AppDelegate.swift */; };
		07655AF72704AA58005DFF09 /* SceneDelegate.swift in Sources */ = {isa = PBXBuildFile; fileRef = 07655AF62704AA58005DFF09 /* SceneDelegate.swift */; };
		07655AF92704AA58005DFF09 /* ViewController.swift in Sources */ = {isa = PBXBuildFile; fileRef = 07655AF82704AA58005DFF09 /* ViewController.swift */; };
		07655AFC2704AA58005DFF09 /* Main.storyboard in Resources */ = {isa = PBXBuildFile; fileRef = 07655AFA2704AA58005DFF09 /* Main.storyboard */; };
		07655AFE2704AA5E005DFF09 /* Assets.xcassets in Resources */ = {isa = PBXBuildFile; fileRef = 07655AFD2704AA5E005DFF09 /* Assets.xcassets */; };
		07655B012704AA5E005DFF09 /* LaunchScreen.storyboard in Resources */ = {isa = PBXBuildFile; fileRef = 07655AFF2704AA5E005DFF09 /* LaunchScreen.storyboard */; };
		07655B0C2704AA5F005DFF09 /* Bliss_ex1Tests.swift in Sources */ = {isa = PBXBuildFile; fileRef = 07655B0B2704AA5F005DFF09 /* Bliss_ex1Tests.swift */; };
		07655B172704AA5F005DFF09 /* Bliss_ex1UITests.swift in Sources */ = {isa = PBXBuildFile; fileRef = 07655B162704AA5F005DFF09 /* Bliss_ex1UITests.swift */; };
		07655B282704C90F005DFF09 /* SecondViewController.swift in Sources */ = {isa = PBXBuildFile; fileRef = 07655B272704C90F005DFF09 /* SecondViewController.swift */; };
		0765C9FD2705B794000B4E44 /* BillItem.swift in Sources */ = {isa = PBXBuildFile; fileRef = 0765C9FC2705B794000B4E44 /* BillItem.swift */; };
		0765CA072705E18F000B4E44 /* CoordinatorProtocol.swift in Sources */ = {isa = PBXBuildFile; fileRef = 0765CA062705E18F000B4E44 /* CoordinatorProtocol.swift */; };
		0765CA092705F92C000B4E44 /* VCCoordinator.swift in Sources */ = {isa = PBXBuildFile; fileRef = 0765CA082705F92C000B4E44 /* VCCoordinator.swift */; };
		07D40B8C2707179D000B88A2 /* Double+Extensions.swift in Sources */ = {isa = PBXBuildFile; fileRef = 07D40B8B2707179D000B88A2 /* Double+Extensions.swift */; };
/* End PBXBuildFile section */

/* Begin PBXContainerItemProxy section */
		07655B082704AA5F005DFF09 /* PBXContainerItemProxy */ = {
			isa = PBXContainerItemProxy;
			containerPortal = 07655AE92704AA58005DFF09 /* Project object */;
			proxyType = 1;
			remoteGlobalIDString = 07655AF02704AA58005DFF09;
			remoteInfo = Bliss_ex1;
		};
		07655B132704AA5F005DFF09 /* PBXContainerItemProxy */ = {
			isa = PBXContainerItemProxy;
			containerPortal = 07655AE92704AA58005DFF09 /* Project object */;
			proxyType = 1;
			remoteGlobalIDString = 07655AF02704AA58005DFF09;
			remoteInfo = Bliss_ex1;
		};
/* End PBXContainerItemProxy section */

/* Begin PBXFileReference section */
		07655AF12704AA58005DFF09 /* Bliss_ex1.app */ = {isa = PBXFileReference; explicitFileType = wrapper.application; includeInIndex = 0; path = Bliss_ex1.app; sourceTree = BUILT_PRODUCTS_DIR; };
		07655AF42704AA58005DFF09 /* AppDelegate.swift */ = {isa = PBXFileReference; lastKnownFileType = sourcecode.swift; path = AppDelegate.swift; sourceTree = "<group>"; };
		07655AF62704AA58005DFF09 /* SceneDelegate.swift */ = {isa = PBXFileReference; lastKnownFileType = sourcecode.swift; path = SceneDelegate.swift; sourceTree = "<group>"; };
		07655AF82704AA58005DFF09 /* ViewController.swift */ = {isa = PBXFileReference; lastKnownFileType = sourcecode.swift; path = ViewController.swift; sourceTree = "<group>"; };
		07655AFB2704AA58005DFF09 /* Base */ = {isa = PBXFileReference; lastKnownFileType = file.storyboard; name = Base; path = Base.lproj/Main.storyboard; sourceTree = "<group>"; };
		07655AFD2704AA5E005DFF09 /* Assets.xcassets */ = {isa = PBXFileReference; lastKnownFileType = folder.assetcatalog; path = Assets.xcassets; sourceTree = "<group>"; };
		07655B002704AA5E005DFF09 /* Base */ = {isa = PBXFileReference; lastKnownFileType = file.storyboard; name = Base; path = Base.lproj/LaunchScreen.storyboard; sourceTree = "<group>"; };
		07655B022704AA5E005DFF09 /* Info.plist */ = {isa = PBXFileReference; lastKnownFileType = text.plist.xml; path = Info.plist; sourceTree = "<group>"; };
		07655B072704AA5F005DFF09 /* Bliss_ex1Tests.xctest */ = {isa = PBXFileReference; explicitFileType = wrapper.cfbundle; includeInIndex = 0; path = Bliss_ex1Tests.xctest; sourceTree = BUILT_PRODUCTS_DIR; };
		07655B0B2704AA5F005DFF09 /* Bliss_ex1Tests.swift */ = {isa = PBXFileReference; lastKnownFileType = sourcecode.swift; path = Bliss_ex1Tests.swift; sourceTree = "<group>"; };
		07655B0D2704AA5F005DFF09 /* Info.plist */ = {isa = PBXFileReference; lastKnownFileType = text.plist.xml; path = Info.plist; sourceTree = "<group>"; };
		07655B122704AA5F005DFF09 /* Bliss_ex1UITests.xctest */ = {isa = PBXFileReference; explicitFileType = wrapper.cfbundle; includeInIndex = 0; path = Bliss_ex1UITests.xctest; sourceTree = BUILT_PRODUCTS_DIR; };
		07655B162704AA5F005DFF09 /* Bliss_ex1UITests.swift */ = {isa = PBXFileReference; lastKnownFileType = sourcecode.swift; path = Bliss_ex1UITests.swift; sourceTree = "<group>"; };
		07655B182704AA5F005DFF09 /* Info.plist */ = {isa = PBXFileReference; lastKnownFileType = text.plist.xml; path = Info.plist; sourceTree = "<group>"; };
		07655B272704C90F005DFF09 /* SecondViewController.swift */ = {isa = PBXFileReference; lastKnownFileType = sourcecode.swift; path = SecondViewController.swift; sourceTree = "<group>"; };
		0765C9FC2705B794000B4E44 /* BillItem.swift */ = {isa = PBXFileReference; lastKnownFileType = sourcecode.swift; path = BillItem.swift; sourceTree = "<group>"; };
		0765CA062705E18F000B4E44 /* CoordinatorProtocol.swift */ = {isa = PBXFileReference; lastKnownFileType = sourcecode.swift; path = CoordinatorProtocol.swift; sourceTree = "<group>"; };
		0765CA082705F92C000B4E44 /* VCCoordinator.swift */ = {isa = PBXFileReference; lastKnownFileType = sourcecode.swift; path = VCCoordinator.swift; sourceTree = "<group>"; };
		07D40B8B2707179D000B88A2 /* Double+Extensions.swift */ = {isa = PBXFileReference; lastKnownFileType = sourcecode.swift; path = "Double+Extensions.swift"; sourceTree = "<group>"; };
/* End PBXFileReference section */

/* Begin PBXFrameworksBuildPhase section */
		07655AEE2704AA58005DFF09 /* Frameworks */ = {
			isa = PBXFrameworksBuildPhase;
			buildActionMask = 2147483647;
			files = (
			);
			runOnlyForDeploymentPostprocessing = 0;
		};
		07655B042704AA5F005DFF09 /* Frameworks */ = {
			isa = PBXFrameworksBuildPhase;
			buildActionMask = 2147483647;
			files = (
			);
			runOnlyForDeploymentPostprocessing = 0;
		};
		07655B0F2704AA5F005DFF09 /* Frameworks */ = {
			isa = PBXFrameworksBuildPhase;
			buildActionMask = 2147483647;
			files = (
			);
			runOnlyForDeploymentPostprocessing = 0;
		};
/* End PBXFrameworksBuildPhase section */

/* Begin PBXGroup section */
		07655AE82704AA58005DFF09 = {
			isa = PBXGroup;
			children = (
				07655AF32704AA58005DFF09 /* Bliss_ex1 */,
				07655B0A2704AA5F005DFF09 /* Bliss_ex1Tests */,
				07655B152704AA5F005DFF09 /* Bliss_ex1UITests */,
				07655AF22704AA58005DFF09 /* Products */,
			);
			sourceTree = "<group>";
		};
		07655AF22704AA58005DFF09 /* Products */ = {
			isa = PBXGroup;
			children = (
				07655AF12704AA58005DFF09 /* Bliss_ex1.app */,
				07655B072704AA5F005DFF09 /* Bliss_ex1Tests.xctest */,
				07655B122704AA5F005DFF09 /* Bliss_ex1UITests.xctest */,
			);
			name = Products;
			sourceTree = "<group>";
		};
		07655AF32704AA58005DFF09 /* Bliss_ex1 */ = {
			isa = PBXGroup;
			children = (
				07655AF42704AA58005DFF09 /* AppDelegate.swift */,
				07655AF62704AA58005DFF09 /* SceneDelegate.swift */,
				07D40B8927071788000B88A2 /* Helpers */,
				0765C9FA2705B619000B4E44 /* Model */,
				0765C9FB2705B643000B4E44 /* View Model */,
				07655B262704B5F0005DFF09 /* View Controller */,
				07655B242704ADDF005DFF09 /* View */,
				07655AFD2704AA5E005DFF09 /* Assets.xcassets */,
				07655B022704AA5E005DFF09 /* Info.plist */,
			);
			path = Bliss_ex1;
			sourceTree = "<group>";
		};
		07655B0A2704AA5F005DFF09 /* Bliss_ex1Tests */ = {
			isa = PBXGroup;
			children = (
				07655B0B2704AA5F005DFF09 /* Bliss_ex1Tests.swift */,
				07655B0D2704AA5F005DFF09 /* Info.plist */,
			);
			path = Bliss_ex1Tests;
			sourceTree = "<group>";
		};
		07655B152704AA5F005DFF09 /* Bliss_ex1UITests */ = {
			isa = PBXGroup;
			children = (
				07655B162704AA5F005DFF09 /* Bliss_ex1UITests.swift */,
				07655B182704AA5F005DFF09 /* Info.plist */,
			);
			path = Bliss_ex1UITests;
			sourceTree = "<group>";
		};
		07655B242704ADDF005DFF09 /* View */ = {
			isa = PBXGroup;
			children = (
				07655AFF2704AA5E005DFF09 /* LaunchScreen.storyboard */,
				07655AFA2704AA58005DFF09 /* Main.storyboard */,
			);
			path = View;
			sourceTree = "<group>";
		};
		07655B262704B5F0005DFF09 /* View Controller */ = {
			isa = PBXGroup;
			children = (
				07655AF82704AA58005DFF09 /* ViewController.swift */,
				07655B272704C90F005DFF09 /* SecondViewController.swift */,
			);
			path = "View Controller";
			sourceTree = "<group>";
		};
		0765C9FA2705B619000B4E44 /* Model */ = {
			isa = PBXGroup;
			children = (
				0765C9FC2705B794000B4E44 /* BillItem.swift */,
			);
			path = Model;
			sourceTree = "<group>";
		};
		0765C9FB2705B643000B4E44 /* View Model */ = {
			isa = PBXGroup;
			children = (
				0765CA062705E18F000B4E44 /* CoordinatorProtocol.swift */,
				0765CA082705F92C000B4E44 /* VCCoordinator.swift */,
			);
			path = "View Model";
			sourceTree = "<group>";
		};
		07D40B8927071788000B88A2 /* Helpers */ = {
			isa = PBXGroup;
			children = (
				07D40B8A2707178D000B88A2 /* Extensions */,
			);
			path = Helpers;
			sourceTree = "<group>";
		};
		07D40B8A2707178D000B88A2 /* Extensions */ = {
			isa = PBXGroup;
			children = (
				07D40B8B2707179D000B88A2 /* Double+Extensions.swift */,
			);
			path = Extensions;
			sourceTree = "<group>";
		};
/* End PBXGroup section */

/* Begin PBXNativeTarget section */
		07655AF02704AA58005DFF09 /* Bliss_ex1 */ = {
			isa = PBXNativeTarget;
			buildConfigurationList = 07655B1B2704AA5F005DFF09 /* Build configuration list for PBXNativeTarget "Bliss_ex1" */;
			buildPhases = (
				07655AED2704AA58005DFF09 /* Sources */,
				07655AEE2704AA58005DFF09 /* Frameworks */,
				07655AEF2704AA58005DFF09 /* Resources */,
			);
			buildRules = (
			);
			dependencies = (
			);
			name = Bliss_ex1;
			productName = Bliss_ex1;
			productReference = 07655AF12704AA58005DFF09 /* Bliss_ex1.app */;
			productType = "com.apple.product-type.application";
		};
		07655B062704AA5F005DFF09 /* Bliss_ex1Tests */ = {
			isa = PBXNativeTarget;
			buildConfigurationList = 07655B1E2704AA5F005DFF09 /* Build configuration list for PBXNativeTarget "Bliss_ex1Tests" */;
			buildPhases = (
				07655B032704AA5F005DFF09 /* Sources */,
				07655B042704AA5F005DFF09 /* Frameworks */,
				07655B052704AA5F005DFF09 /* Resources */,
			);
			buildRules = (
			);
			dependencies = (
				07655B092704AA5F005DFF09 /* PBXTargetDependency */,
			);
			name = Bliss_ex1Tests;
			productName = Bliss_ex1Tests;
			productReference = 07655B072704AA5F005DFF09 /* Bliss_ex1Tests.xctest */;
			productType = "com.apple.product-type.bundle.unit-test";
		};
		07655B112704AA5F005DFF09 /* Bliss_ex1UITests */ = {
			isa = PBXNativeTarget;
			buildConfigurationList = 07655B212704AA5F005DFF09 /* Build configuration list for PBXNativeTarget "Bliss_ex1UITests" */;
			buildPhases = (
				07655B0E2704AA5F005DFF09 /* Sources */,
				07655B0F2704AA5F005DFF09 /* Frameworks */,
				07655B102704AA5F005DFF09 /* Resources */,
			);
			buildRules = (
			);
			dependencies = (
				07655B142704AA5F005DFF09 /* PBXTargetDependency */,
			);
			name = Bliss_ex1UITests;
			productName = Bliss_ex1UITests;
			productReference = 07655B122704AA5F005DFF09 /* Bliss_ex1UITests.xctest */;
			productType = "com.apple.product-type.bundle.ui-testing";
		};
/* End PBXNativeTarget section */

/* Begin PBXProject section */
		07655AE92704AA58005DFF09 /* Project object */ = {
			isa = PBXProject;
			attributes = {
				LastSwiftUpdateCheck = 1250;
				LastUpgradeCheck = 1250;
				TargetAttributes = {
					07655AF02704AA58005DFF09 = {
						CreatedOnToolsVersion = 12.5.1;
					};
					07655B062704AA5F005DFF09 = {
						CreatedOnToolsVersion = 12.5.1;
						TestTargetID = 07655AF02704AA58005DFF09;
					};
					07655B112704AA5F005DFF09 = {
						CreatedOnToolsVersion = 12.5.1;
						TestTargetID = 07655AF02704AA58005DFF09;
					};
				};
			};
			buildConfigurationList = 07655AEC2704AA58005DFF09 /* Build configuration list for PBXProject "Bliss_ex1" */;
			compatibilityVersion = "Xcode 9.3";
			developmentRegion = en;
			hasScannedForEncodings = 0;
			knownRegions = (
				en,
				Base,
			);
			mainGroup = 07655AE82704AA58005DFF09;
			productRefGroup = 07655AF22704AA58005DFF09 /* Products */;
			projectDirPath = "";
			projectRoot = "";
			targets = (
				07655AF02704AA58005DFF09 /* Bliss_ex1 */,
				07655B062704AA5F005DFF09 /* Bliss_ex1Tests */,
				07655B112704AA5F005DFF09 /* Bliss_ex1UITests */,
			);
		};
/* End PBXProject section */

/* Begin PBXResourcesBuildPhase section */
		07655AEF2704AA58005DFF09 /* Resources */ = {
			isa = PBXResourcesBuildPhase;
			buildActionMask = 2147483647;
			files = (
				07655B012704AA5E005DFF09 /* LaunchScreen.storyboard in Resources */,
				07655AFE2704AA5E005DFF09 /* Assets.xcassets in Resources */,
				07655AFC2704AA58005DFF09 /* Main.storyboard in Resources */,
			);
			runOnlyForDeploymentPostprocessing = 0;
		};
		07655B052704AA5F005DFF09 /* Resources */ = {
			isa = PBXResourcesBuildPhase;
			buildActionMask = 2147483647;
			files = (
			);
			runOnlyForDeploymentPostprocessing = 0;
		};
		07655B102704AA5F005DFF09 /* Resources */ = {
			isa = PBXResourcesBuildPhase;
			buildActionMask = 2147483647;
			files = (
			);
			runOnlyForDeploymentPostprocessing = 0;
		};
/* End PBXResourcesBuildPhase section */

/* Begin PBXSourcesBuildPhase section */
		07655AED2704AA58005DFF09 /* Sources */ = {
			isa = PBXSourcesBuildPhase;
			buildActionMask = 2147483647;
			files = (
				07D40B8C2707179D000B88A2 /* Double+Extensions.swift in Sources */,
				07655B282704C90F005DFF09 /* SecondViewController.swift in Sources */,
				07655AF92704AA58005DFF09 /* ViewController.swift in Sources */,
				0765CA072705E18F000B4E44 /* CoordinatorProtocol.swift in Sources */,
				0765CA092705F92C000B4E44 /* VCCoordinator.swift in Sources */,
				0765C9FD2705B794000B4E44 /* BillItem.swift in Sources */,
				07655AF52704AA58005DFF09 /* AppDelegate.swift in Sources */,
				07655AF72704AA58005DFF09 /* SceneDelegate.swift in Sources */,
			);
			runOnlyForDeploymentPostprocessing = 0;
		};
		07655B032704AA5F005DFF09 /* Sources */ = {
			isa = PBXSourcesBuildPhase;
			buildActionMask = 2147483647;
			files = (
				07655B0C2704AA5F005DFF09 /* Bliss_ex1Tests.swift in Sources */,
			);
			runOnlyForDeploymentPostprocessing = 0;
		};
		07655B0E2704AA5F005DFF09 /* Sources */ = {
			isa = PBXSourcesBuildPhase;
			buildActionMask = 2147483647;
			files = (
				07655B172704AA5F005DFF09 /* Bliss_ex1UITests.swift in Sources */,
			);
			runOnlyForDeploymentPostprocessing = 0;
		};
/* End PBXSourcesBuildPhase section */

/* Begin PBXTargetDependency section */
		07655B092704AA5F005DFF09 /* PBXTargetDependency */ = {
			isa = PBXTargetDependency;
			target = 07655AF02704AA58005DFF09 /* Bliss_ex1 */;
			targetProxy = 07655B082704AA5F005DFF09 /* PBXContainerItemProxy */;
		};
		07655B142704AA5F005DFF09 /* PBXTargetDependency */ = {
			isa = PBXTargetDependency;
			target = 07655AF02704AA58005DFF09 /* Bliss_ex1 */;
			targetProxy = 07655B132704AA5F005DFF09 /* PBXContainerItemProxy */;
		};
/* End PBXTargetDependency section */

/* Begin PBXVariantGroup section */
		07655AFA2704AA58005DFF09 /* Main.storyboard */ = {
			isa = PBXVariantGroup;
			children = (
				07655AFB2704AA58005DFF09 /* Base */,
			);
			name = Main.storyboard;
			sourceTree = "<group>";
		};
		07655AFF2704AA5E005DFF09 /* LaunchScreen.storyboard */ = {
			isa = PBXVariantGroup;
			children = (
				07655B002704AA5E005DFF09 /* Base */,
			);
			name = LaunchScreen.storyboard;
			sourceTree = "<group>";
		};
/* End PBXVariantGroup section */

/* Begin XCBuildConfiguration section */
		07655B192704AA5F005DFF09 /* Debug */ = {
			isa = XCBuildConfiguration;
			buildSettings = {
				ALWAYS_SEARCH_USER_PATHS = NO;
				CLANG_ANALYZER_NONNULL = YES;
				CLANG_ANALYZER_NUMBER_OBJECT_CONVERSION = YES_AGGRESSIVE;
				CLANG_CXX_LANGUAGE_STANDARD = "gnu++14";
				CLANG_CXX_LIBRARY = "libc++";
				CLANG_ENABLE_MODULES = YES;
				CLANG_ENABLE_OBJC_ARC = YES;
				CLANG_ENABLE_OBJC_WEAK = YES;
				CLANG_WARN_BLOCK_CAPTURE_AUTORELEASING = YES;
				CLANG_WARN_BOOL_CONVERSION = YES;
				CLANG_WARN_COMMA = YES;
				CLANG_WARN_CONSTANT_CONVERSION = YES;
				CLANG_WARN_DEPRECATED_OBJC_IMPLEMENTATIONS = YES;
				CLANG_WARN_DIRECT_OBJC_ISA_USAGE = YES_ERROR;
				CLANG_WARN_DOCUMENTATION_COMMENTS = YES;
				CLANG_WARN_EMPTY_BODY = YES;
				CLANG_WARN_ENUM_CONVERSION = YES;
				CLANG_WARN_INFINITE_RECURSION = YES;
				CLANG_WARN_INT_CONVERSION = YES;
				CLANG_WARN_NON_LITERAL_NULL_CONVERSION = YES;
				CLANG_WARN_OBJC_IMPLICIT_RETAIN_SELF = YES;
				CLANG_WARN_OBJC_LITERAL_CONVERSION = YES;
				CLANG_WARN_OBJC_ROOT_CLASS = YES_ERROR;
				CLANG_WARN_QUOTED_INCLUDE_IN_FRAMEWORK_HEADER = YES;
				CLANG_WARN_RANGE_LOOP_ANALYSIS = YES;
				CLANG_WARN_STRICT_PROTOTYPES = YES;
				CLANG_WARN_SUSPICIOUS_MOVE = YES;
				CLANG_WARN_UNGUARDED_AVAILABILITY = YES_AGGRESSIVE;
				CLANG_WARN_UNREACHABLE_CODE = YES;
				CLANG_WARN__DUPLICATE_METHOD_MATCH = YES;
				COPY_PHASE_STRIP = NO;
				DEBUG_INFORMATION_FORMAT = dwarf;
				ENABLE_STRICT_OBJC_MSGSEND = YES;
				ENABLE_TESTABILITY = YES;
				GCC_C_LANGUAGE_STANDARD = gnu11;
				GCC_DYNAMIC_NO_PIC = NO;
				GCC_NO_COMMON_BLOCKS = YES;
				GCC_OPTIMIZATION_LEVEL = 0;
				GCC_PREPROCESSOR_DEFINITIONS = (
					"DEBUG=1",
					"$(inherited)",
				);
				GCC_WARN_64_TO_32_BIT_CONVERSION = YES;
				GCC_WARN_ABOUT_RETURN_TYPE = YES_ERROR;
				GCC_WARN_UNDECLARED_SELECTOR = YES;
				GCC_WARN_UNINITIALIZED_AUTOS = YES_AGGRESSIVE;
				GCC_WARN_UNUSED_FUNCTION = YES;
				GCC_WARN_UNUSED_VARIABLE = YES;
				IPHONEOS_DEPLOYMENT_TARGET = 14.4;
				MTL_ENABLE_DEBUG_INFO = INCLUDE_SOURCE;
				MTL_FAST_MATH = YES;
				ONLY_ACTIVE_ARCH = YES;
				SDKROOT = iphoneos;
				SWIFT_ACTIVE_COMPILATION_CONDITIONS = DEBUG;
				SWIFT_OPTIMIZATION_LEVEL = "-Onone";
			};
			name = Debug;
		};
		07655B1A2704AA5F005DFF09 /* Release */ = {
			isa = XCBuildConfiguration;
			buildSettings = {
				ALWAYS_SEARCH_USER_PATHS = NO;
				CLANG_ANALYZER_NONNULL = YES;
				CLANG_ANALYZER_NUMBER_OBJECT_CONVERSION = YES_AGGRESSIVE;
				CLANG_CXX_LANGUAGE_STANDARD = "gnu++14";
				CLANG_CXX_LIBRARY = "libc++";
				CLANG_ENABLE_MODULES = YES;
				CLANG_ENABLE_OBJC_ARC = YES;
				CLANG_ENABLE_OBJC_WEAK = YES;
				CLANG_WARN_BLOCK_CAPTURE_AUTORELEASING = YES;
				CLANG_WARN_BOOL_CONVERSION = YES;
				CLANG_WARN_COMMA = YES;
				CLANG_WARN_CONSTANT_CONVERSION = YES;
				CLANG_WARN_DEPRECATED_OBJC_IMPLEMENTATIONS = YES;
				CLANG_WARN_DIRECT_OBJC_ISA_USAGE = YES_ERROR;
				CLANG_WARN_DOCUMENTATION_COMMENTS = YES;
				CLANG_WARN_EMPTY_BODY = YES;
				CLANG_WARN_ENUM_CONVERSION = YES;
				CLANG_WARN_INFINITE_RECURSION = YES;
				CLANG_WARN_INT_CONVERSION = YES;
				CLANG_WARN_NON_LITERAL_NULL_CONVERSION = YES;
				CLANG_WARN_OBJC_IMPLICIT_RETAIN_SELF = YES;
				CLANG_WARN_OBJC_LITERAL_CONVERSION = YES;
				CLANG_WARN_OBJC_ROOT_CLASS = YES_ERROR;
				CLANG_WARN_QUOTED_INCLUDE_IN_FRAMEWORK_HEADER = YES;
				CLANG_WARN_RANGE_LOOP_ANALYSIS = YES;
				CLANG_WARN_STRICT_PROTOTYPES = YES;
				CLANG_WARN_SUSPICIOUS_MOVE = YES;
				CLANG_WARN_UNGUARDED_AVAILABILITY = YES_AGGRESSIVE;
				CLANG_WARN_UNREACHABLE_CODE = YES;
				CLANG_WARN__DUPLICATE_METHOD_MATCH = YES;
				COPY_PHASE_STRIP = NO;
				DEBUG_INFORMATION_FORMAT = "dwarf-with-dsym";
				ENABLE_NS_ASSERTIONS = NO;
				ENABLE_STRICT_OBJC_MSGSEND = YES;
				GCC_C_LANGUAGE_STANDARD = gnu11;
				GCC_NO_COMMON_BLOCKS = YES;
				GCC_WARN_64_TO_32_BIT_CONVERSION = YES;
				GCC_WARN_ABOUT_RETURN_TYPE = YES_ERROR;
				GCC_WARN_UNDECLARED_SELECTOR = YES;
				GCC_WARN_UNINITIALIZED_AUTOS = YES_AGGRESSIVE;
				GCC_WARN_UNUSED_FUNCTION = YES;
				GCC_WARN_UNUSED_VARIABLE = YES;
				IPHONEOS_DEPLOYMENT_TARGET = 14.4;
				MTL_ENABLE_DEBUG_INFO = NO;
				MTL_FAST_MATH = YES;
				SDKROOT = iphoneos;
				SWIFT_COMPILATION_MODE = wholemodule;
				SWIFT_OPTIMIZATION_LEVEL = "-O";
				VALIDATE_PRODUCT = YES;
			};
			name = Release;
		};
		07655B1C2704AA5F005DFF09 /* Debug */ = {
			isa = XCBuildConfiguration;
			buildSettings = {
				ASSETCATALOG_COMPILER_APPICON_NAME = AppIcon;
				ASSETCATALOG_COMPILER_GLOBAL_ACCENT_COLOR_NAME = AccentColor;
				CODE_SIGN_STYLE = Automatic;
				DEVELOPMENT_TEAM = 3W4P86H435;
				INFOPLIST_FILE = Bliss_ex1/Info.plist;
				LD_RUNPATH_SEARCH_PATHS = (
					"$(inherited)",
					"@executable_path/Frameworks",
				);
				PRODUCT_BUNDLE_IDENTIFIER = "Filipe-Santo.Bliss-ex1";
				PRODUCT_NAME = "$(TARGET_NAME)";
				SWIFT_VERSION = 5.0;
				TARGETED_DEVICE_FAMILY = "1,2";
			};
			name = Debug;
		};
		07655B1D2704AA5F005DFF09 /* Release */ = {
			isa = XCBuildConfiguration;
			buildSettings = {
				ASSETCATALOG_COMPILER_APPICON_NAME = AppIcon;
				ASSETCATALOG_COMPILER_GLOBAL_ACCENT_COLOR_NAME = AccentColor;
				CODE_SIGN_STYLE = Automatic;
				DEVELOPMENT_TEAM = 3W4P86H435;
				INFOPLIST_FILE = Bliss_ex1/Info.plist;
				LD_RUNPATH_SEARCH_PATHS = (
					"$(inherited)",
					"@executable_path/Frameworks",
				);
				PRODUCT_BUNDLE_IDENTIFIER = "Filipe-Santo.Bliss-ex1";
				PRODUCT_NAME = "$(TARGET_NAME)";
				SWIFT_VERSION = 5.0;
				TARGETED_DEVICE_FAMILY = "1,2";
			};
			name = Release;
		};
		07655B1F2704AA5F005DFF09 /* Debug */ = {
			isa = XCBuildConfiguration;
			buildSettings = {
				ALWAYS_EMBED_SWIFT_STANDARD_LIBRARIES = YES;
				BUNDLE_LOADER = "$(TEST_HOST)";
				CODE_SIGN_STYLE = Automatic;
				DEVELOPMENT_TEAM = 3W4P86H435;
				INFOPLIST_FILE = Bliss_ex1Tests/Info.plist;
				IPHONEOS_DEPLOYMENT_TARGET = 14.5;
				LD_RUNPATH_SEARCH_PATHS = (
					"$(inherited)",
					"@executable_path/Frameworks",
					"@loader_path/Frameworks",
				);
				PRODUCT_BUNDLE_IDENTIFIER = "Filipe-Santo.Bliss-ex1Tests";
				PRODUCT_NAME = "$(TARGET_NAME)";
				SWIFT_VERSION = 5.0;
				TARGETED_DEVICE_FAMILY = "1,2";
				TEST_HOST = "$(BUILT_PRODUCTS_DIR)/Bliss_ex1.app/Bliss_ex1";
			};
			name = Debug;
		};
		07655B202704AA5F005DFF09 /* Release */ = {
			isa = XCBuildConfiguration;
			buildSettings = {
				ALWAYS_EMBED_SWIFT_STANDARD_LIBRARIES = YES;
				BUNDLE_LOADER = "$(TEST_HOST)";
				CODE_SIGN_STYLE = Automatic;
				DEVELOPMENT_TEAM = 3W4P86H435;
				INFOPLIST_FILE = Bliss_ex1Tests/Info.plist;
				IPHONEOS_DEPLOYMENT_TARGET = 14.5;
				LD_RUNPATH_SEARCH_PATHS = (
					"$(inherited)",
					"@executable_path/Frameworks",
					"@loader_path/Frameworks",
				);
				PRODUCT_BUNDLE_IDENTIFIER = "Filipe-Santo.Bliss-ex1Tests";
				PRODUCT_NAME = "$(TARGET_NAME)";
				SWIFT_VERSION = 5.0;
				TARGETED_DEVICE_FAMILY = "1,2";
				TEST_HOST = "$(BUILT_PRODUCTS_DIR)/Bliss_ex1.app/Bliss_ex1";
			};
			name = Release;
		};
		07655B222704AA5F005DFF09 /* Debug */ = {
			isa = XCBuildConfiguration;
			buildSettings = {
				ALWAYS_EMBED_SWIFT_STANDARD_LIBRARIES = YES;
				CODE_SIGN_STYLE = Automatic;
				DEVELOPMENT_TEAM = 3W4P86H435;
				INFOPLIST_FILE = Bliss_ex1UITests/Info.plist;
				LD_RUNPATH_SEARCH_PATHS = (
					"$(inherited)",
					"@executable_path/Frameworks",
					"@loader_path/Frameworks",
				);
				PRODUCT_BUNDLE_IDENTIFIER = "Filipe-Santo.Bliss-ex1UITests";
				PRODUCT_NAME = "$(TARGET_NAME)";
				SWIFT_VERSION = 5.0;
				TARGETED_DEVICE_FAMILY = "1,2";
				TEST_TARGET_NAME = Bliss_ex1;
			};
			name = Debug;
		};
		07655B232704AA5F005DFF09 /* Release */ = {
			isa = XCBuildConfiguration;
			buildSettings = {
				ALWAYS_EMBED_SWIFT_STANDARD_LIBRARIES = YES;
				CODE_SIGN_STYLE = Automatic;
				DEVELOPMENT_TEAM = 3W4P86H435;
				INFOPLIST_FILE = Bliss_ex1UITests/Info.plist;
				LD_RUNPATH_SEARCH_PATHS = (
					"$(inherited)",
					"@executable_path/Frameworks",
					"@loader_path/Frameworks",
				);
				PRODUCT_BUNDLE_IDENTIFIER = "Filipe-Santo.Bliss-ex1UITests";
				PRODUCT_NAME = "$(TARGET_NAME)";
				SWIFT_VERSION = 5.0;
				TARGETED_DEVICE_FAMILY = "1,2";
				TEST_TARGET_NAME = Bliss_ex1;
			};
			name = Release;
		};
/* End XCBuildConfiguration section */

/* Begin XCConfigurationList section */
		07655AEC2704AA58005DFF09 /* Build configuration list for PBXProject "Bliss_ex1" */ = {
			isa = XCConfigurationList;
			buildConfigurations = (
				07655B192704AA5F005DFF09 /* Debug */,
				07655B1A2704AA5F005DFF09 /* Release */,
			);
			defaultConfigurationIsVisible = 0;
			defaultConfigurationName = Release;
		};
		07655B1B2704AA5F005DFF09 /* Build configuration list for PBXNativeTarget "Bliss_ex1" */ = {
			isa = XCConfigurationList;
			buildConfigurations = (
				07655B1C2704AA5F005DFF09 /* Debug */,
				07655B1D2704AA5F005DFF09 /* Release */,
			);
			defaultConfigurationIsVisible = 0;
			defaultConfigurationName = Release;
		};
		07655B1E2704AA5F005DFF09 /* Build configuration list for PBXNativeTarget "Bliss_ex1Tests" */ = {
			isa = XCConfigurationList;
			buildConfigurations = (
				07655B1F2704AA5F005DFF09 /* Debug */,
				07655B202704AA5F005DFF09 /* Release */,
			);
			defaultConfigurationIsVisible = 0;
			defaultConfigurationName = Release;
		};
		07655B212704AA5F005DFF09 /* Build configuration list for PBXNativeTarget "Bliss_ex1UITests" */ = {
			isa = XCConfigurationList;
			buildConfigurations = (
				07655B222704AA5F005DFF09 /* Debug */,
				07655B232704AA5F005DFF09 /* Release */,
			);
			defaultConfigurationIsVisible = 0;
			defaultConfigurationName = Release;
		};
/* End XCConfigurationList section */
	};
	rootObject = 07655AE92704AA58005DFF09 /* Project object */;
}
